
Microsoft Visual Studio Solution File, Format Version 12.00
# Visual Studio 15
VisualStudioVersion = 15.0.28010.2036
MinimumVisualStudioVersion = 10.0.40219.1
Project("{FAE04EC0-301F-11D3-BF4B-00C04F79EFBC}") = "EOBrowser-ML", "EOBrowser-ML\EOBrowser-ML.csproj", "{28363B05-DEF7-480A-B29C-09645A2EA43D}"
EndProject
Global
	GlobalSection(SolutionConfigurationPlatforms) = preSolution
		Debug|Any CPU = Debug|Any CPU
		Release|Any CPU = Release|Any CPU
	EndGlobalSection
	GlobalSection(ProjectConfigurationPlatforms) = postSolution
		{28363B05-DEF7-480A-B29C-09645A2EA43D}.Debug|Any CPU.ActiveCfg = Debug|Any CPU
		{28363B05-DEF7-480A-B29C-09645A2EA43D}.Debug|Any CPU.Build.0 = Debug|Any CPU
		{28363B05-DEF7-480A-B29C-09645A2EA43D}.Release|Any CPU.ActiveCfg = Release|Any CPU
		{28363B05-DEF7-480A-B29C-09645A2EA43D}.Release|Any CPU.Build.0 = Release|Any CPU
	EndGlobalSection
	GlobalSection(SolutionProperties) = preSolution
		HideSolutionNode = FALSE
	EndGlobalSection
	GlobalSection(ExtensibilityGlobals) = postSolution
		SolutionGuid = {16F01F9D-85E9-4E2B-AD6E-F96DD6012350}
	EndGlobalSection
EndGlobal
